
Microsoft Visual Studio Solution File, Format Version 12.00
# Visual Studio Version 17
VisualStudioVersion = 17.9.34622.214
MinimumVisualStudioVersion = 10.0.40219.1
Project("{FAE04EC0-301F-11D3-BF4B-00C04F79EFBC}") = "Insurance_Management", "Insurance_Management\Insurance_Management.csproj", "{53C390A4-3956-416E-BABB-AE400CE48AB7}"
EndProject
Global
	GlobalSection(SolutionConfigurationPlatforms) = preSolution
		Debug|Any CPU = Debug|Any CPU
		Release|Any CPU = Release|Any CPU
	EndGlobalSection
	GlobalSection(ProjectConfigurationPlatforms) = postSolution
		{53C390A4-3956-416E-BABB-AE400CE48AB7}.Debug|Any CPU.ActiveCfg = Debug|Any CPU
		{53C390A4-3956-416E-BABB-AE400CE48AB7}.Debug|Any CPU.Build.0 = Debug|Any CPU
		{53C390A4-3956-416E-BABB-AE400CE48AB7}.Release|Any CPU.ActiveCfg = Release|Any CPU
		{53C390A4-3956-416E-BABB-AE400CE48AB7}.Release|Any CPU.Build.0 = Release|Any CPU
	EndGlobalSection
	GlobalSection(SolutionProperties) = preSolution
		HideSolutionNode = FALSE
	EndGlobalSection
	GlobalSection(ExtensibilityGlobals) = postSolution
		SolutionGuid = {67C43074-4F46-429E-941B-86159DAAEFCC}
	EndGlobalSection
EndGlobal
